
Microsoft Visual Studio Solution File, Format Version 12.00
# Visual Studio Version 16
VisualStudioVersion = 16.0.31410.357
MinimumVisualStudioVersion = 10.0.40219.1
Project("{FAE04EC0-301F-11D3-BF4B-00C04F79EFBC}") = "Calculator", "Calculator\Calculator.csproj", "{841F71C6-7355-4125-9C3E-01E62A1DC871}"
EndProject
Project("{FAE04EC0-301F-11D3-BF4B-00C04F79EFBC}") = "Calculator.Text", "Calculator.Text\Calculator.Text.csproj", "{906B6BC9-EA03-4313-8E69-2A2EB60C3112}"
EndProject
Global
	GlobalSection(SolutionConfigurationPlatforms) = preSolution
		Debug|Any CPU = Debug|Any CPU
		Release|Any CPU = Release|Any CPU
	EndGlobalSection
	GlobalSection(ProjectConfigurationPlatforms) = postSolution
		{841F71C6-7355-4125-9C3E-01E62A1DC871}.Debug|Any CPU.ActiveCfg = Debug|Any CPU
		{841F71C6-7355-4125-9C3E-01E62A1DC871}.Debug|Any CPU.Build.0 = Debug|Any CPU
		{841F71C6-7355-4125-9C3E-01E62A1DC871}.Release|Any CPU.ActiveCfg = Release|Any CPU
		{841F71C6-7355-4125-9C3E-01E62A1DC871}.Release|Any CPU.Build.0 = Release|Any CPU
		{906B6BC9-EA03-4313-8E69-2A2EB60C3112}.Debug|Any CPU.ActiveCfg = Debug|Any CPU
		{906B6BC9-EA03-4313-8E69-2A2EB60C3112}.Debug|Any CPU.Build.0 = Debug|Any CPU
		{906B6BC9-EA03-4313-8E69-2A2EB60C3112}.Release|Any CPU.ActiveCfg = Release|Any CPU
		{906B6BC9-EA03-4313-8E69-2A2EB60C3112}.Release|Any CPU.Build.0 = Release|Any CPU
	EndGlobalSection
	GlobalSection(SolutionProperties) = preSolution
		HideSolutionNode = FALSE
	EndGlobalSection
	GlobalSection(ExtensibilityGlobals) = postSolution
		SolutionGuid = {8C8EDFD1-2D2B-4F1E-9D95-6BBA2492D92D}
	EndGlobalSection
EndGlobal
